
Microsoft Visual Studio Solution File, Format Version 12.00
# Visual Studio 15
VisualStudioVersion = 15.0.27703.2042
MinimumVisualStudioVersion = 10.0.40219.1
Project("{8BC9CEB8-8B4A-11D0-8D11-00A0C91BC942}") = "Emi_root", "Emi_root\Emi_root.vcxproj", "{90DE8CE8-6E5A-4F65-BEB0-EE4252B3E233}"
	ProjectSection(ProjectDependencies) = postProject
		{5A0C982A-1F6D-43C7-A907-FC372380F4F0} = {5A0C982A-1F6D-43C7-A907-FC372380F4F0}
		{D49E8E3A-A93E-4FE2-A036-485349A8DF43} = {D49E8E3A-A93E-4FE2-A036-485349A8DF43}
		{D49E8E3A-A93E-4FE2-A036-485349A8DF44} = {D49E8E3A-A93E-4FE2-A036-485349A8DF44}
		{13B16174-97EC-4CDF-9230-CCABF9C25F4F} = {13B16174-97EC-4CDF-9230-CCABF9C25F4F}
		{301112BD-9CE2-435A-BFCE-621D483535B4} = {301112BD-9CE2-435A-BFCE-621D483535B4}
		{DC7852C8-B5DB-4D3E-919E-217647FFBDB9} = {DC7852C8-B5DB-4D3E-919E-217647FFBDB9}
		{6B8A2EE7-4C91-4124-B59F-A411FFD607C9} = {6B8A2EE7-4C91-4124-B59F-A411FFD607C9}
		{ED82B0FB-F552-4B9E-9AA1-0A28463F5798} = {ED82B0FB-F552-4B9E-9AA1-0A28463F5798}
	EndProjectSection
EndProject
Project("{8BC9CEB8-8B4A-11D0-8D11-00A0C91BC942}") = "Matrix", "Matrix\Matrix.vcxproj", "{69EC1B80-B635-4727-9C61-E399286ACEDA}"
EndProject
Project("{8BC9CEB8-8B4A-11D0-8D11-00A0C91BC942}") = "RSS_kernel", "RSS_kernel\RSS_kernel.vcxproj", "{D7B9213B-1BD2-41A6-A4A8-5962E1C916E3}"
EndProject
Project("{8BC9CEB8-8B4A-11D0-8D11-00A0C91BC942}") = "Ud_tools", "UD_tools\Ud_tools.vcxproj", "{F0E69EFD-C8D7-4A63-B1C6-47CECC61A71C}"
EndProject
Project("{8BC9CEB8-8B4A-11D0-8D11-00A0C91BC942}") = "RSS_object", "RSS_object\RSS_object.vcxproj", "{D60124AD-C39B-4CC5-9B39-6E001A7802EF}"
EndProject
Project("{8BC9CEB8-8B4A-11D0-8D11-00A0C91BC942}") = "O_Marker", "O_Marker\O_Marker.vcxproj", "{67CF662B-F316-4663-B58C-14D594215CCF}"
EndProject
Project("{8BC9CEB8-8B4A-11D0-8D11-00A0C91BC942}") = "F_Show", "F_Show\F_Show.vcxproj", "{8F1DC85E-05F5-4F6D-9023-88B9E3A1C11D}"
EndProject
Project("{8BC9CEB8-8B4A-11D0-8D11-00A0C91BC942}") = "RSS_feature", "RSS_feature\RSS_feature.vcxproj", "{6532543F-8D20-45CE-A126-E0D503AEF651}"
EndProject
Project("{8BC9CEB8-8B4A-11D0-8D11-00A0C91BC942}") = "O_Flyer", "O_Flyer\O_Flyer.vcxproj", "{3150C748-224C-49E8-9B2E-23516D1535A4}"
EndProject
Project("{8BC9CEB8-8B4A-11D0-8D11-00A0C91BC942}") = "RSS_model", "RSS_model\RSS_model.vcxproj", "{A7572AB5-5E97-4041-BEF9-9C327D6FBA24}"
EndProject
Project("{8BC9CEB8-8B4A-11D0-8D11-00A0C91BC942}") = "O_Body", "O_Body\O_Body.vcxproj", "{4BA94C98-3785-4641-83BD-757732D4EA1F}"
EndProject
Project("{8BC9CEB8-8B4A-11D0-8D11-00A0C91BC942}") = "C_Std", "C_Std\C_Std.vcxproj", "{4F6A6D34-8C92-49E6-8738-B3EAFD20985E}"
EndProject
Project("{8BC9CEB8-8B4A-11D0-8D11-00A0C91BC942}") = "CCL_1_lib", "CCL_1\CCL_1_lib.vcxproj", "{C12B9360-3BFF-4928-8F21-6BB7CEAD40A4}"
EndProject
Project("{8BC9CEB8-8B4A-11D0-8D11-00A0C91BC942}") = "O_Missile", "O_Missile\O_Missile.vcxproj", "{C7F9387B-6DB9-40FF-99B0-8E379FF669A2}"
EndProject
Project("{8BC9CEB8-8B4A-11D0-8D11-00A0C91BC942}") = "T_Battle", "T_Battle\T_Battle.vcxproj", "{6B8A2EE7-4C91-4124-B59F-A411FFD607C8}"
	ProjectSection(ProjectDependencies) = postProject
		{C7F9387B-6DB9-40FF-99B0-8E379FF669A3} = {C7F9387B-6DB9-40FF-99B0-8E379FF669A3}
	EndProjectSection
EndProject
Project("{8BC9CEB8-8B4A-11D0-8D11-00A0C91BC942}") = "F_Hit", "F_Hit\F_Hit.vcxproj", "{D49E8E3A-A93E-4FE2-A036-485349A8DF42}"
EndProject
Project("{8BC9CEB8-8B4A-11D0-8D11-00A0C91BC942}") = "RSS_unit", "RSS_unit\RSS_unit.vcxproj", "{C6AD3FB1-0F8D-421D-95B3-9663B09338E9}"
EndProject
Project("{8BC9CEB8-8B4A-11D0-8D11-00A0C91BC942}") = "U_EWunit", "U_EWunit\U_EWunit.vcxproj", "{28B10681-EEF4-431E-8F16-FE7E34538A31}"
EndProject
Project("{8BC9CEB8-8B4A-11D0-8D11-00A0C91BC942}") = "O_Rocket_Lego", "O_Rocket_Lego\O_Rocket_Lego.vcxproj", "{00533805-386E-448C-BD9A-0A962AA3777B}"
EndProject
Project("{8BC9CEB8-8B4A-11D0-8D11-00A0C91BC942}") = "U_EngineSimple", "U_EngineSimple\U_EngineSimple.vcxproj", "{8AA34B7C-EC85-4CEE-AC56-4AF55AF9147E}"
EndProject
Project("{8BC9CEB8-8B4A-11D0-8D11-00A0C91BC942}") = "U_WarHeadSimple", "U_WarHeadSimple\U_WarHeadSimple.vcxproj", "{DAA12257-631C-4602-88F5-0AA5A0D0FA05}"
EndProject
Project("{8BC9CEB8-8B4A-11D0-8D11-00A0C91BC942}") = "U_ModelSimple", "U_ModelSimple\U_ModelSimple.vcxproj", "{0CF8E990-35B5-401B-BFA8-4A3F47376118}"
EndProject
Project("{8BC9CEB8-8B4A-11D0-8D11-00A0C91BC942}") = "E_Blast", "E_Blast\E_Blast.vcxproj", "{AA9E75AB-2379-43F5-844D-83023192B017}"
EndProject
Project("{8BC9CEB8-8B4A-11D0-8D11-00A0C91BC942}") = "O_Sadarm", "O_Sadarm\O_Sadarm.vcxproj", "{18187738-C245-432E-91DE-3BD89DEA58FE}"
EndProject
Project("{8BC9CEB8-8B4A-11D0-8D11-00A0C91BC942}") = "O_Missile_Lego", "O_Missile_Lego\O_Missile_Lego.vcxproj", "{2F55742F-EDEA-471F-A173-0FAF0C5162C3}"
EndProject
Project("{8BC9CEB8-8B4A-11D0-8D11-00A0C91BC942}") = "dcl_kernel", "dcl_kernel\dcl_kernel.vcxproj", "{6245731E-51CA-49DB-8F74-760D540CDC5E}"
EndProject
Project("{8BC9CEB8-8B4A-11D0-8D11-00A0C91BC942}") = "C_Dcl", "C_Dcl\C_Dcl.vcxproj", "{A895AD8B-B86B-4071-8B76-1B0CD15A4FB6}"
EndProject
Project("{8BC9CEB8-8B4A-11D0-8D11-00A0C91BC942}") = "U_SearchRadar", "U_SearchRadar\U_SearchRadar.vcxproj", "{0D231E6E-0776-4DBF-B1A0-232693ADFB98}"
EndProject
Project("{8BC9CEB8-8B4A-11D0-8D11-00A0C91BC942}") = "U_Program", "U_Program\U_Program.vcxproj", "{8DA427B7-BAB4-4104-A41D-C856D94636B4}"
EndProject
Project("{8BC9CEB8-8B4A-11D0-8D11-00A0C91BC942}") = "F_Visibility", "F_Visibility\F_Visibility.vcxproj", "{D49E8E3A-A93E-4FE2-A036-485349A8DF43}"
EndProject
Project("{8BC9CEB8-8B4A-11D0-8D11-00A0C91BC942}") = "F_Terrain", "F_Terrain\F_Terrain.vcxproj", "{D49E8E3A-A93E-4FE2-A036-485349A8DF44}"
EndProject
Project("{8BC9CEB8-8B4A-11D0-8D11-00A0C91BC942}") = "T_Land", "T_Land\T_Land.vcxproj", "{6B8A2EE7-4C91-4124-B59F-A411FFD607C9}"
EndProject
Project("{8BC9CEB8-8B4A-11D0-8D11-00A0C91BC942}") = "U_HomingHub", "U_HomingHub\U_HomingHub.vcxproj", "{301112BD-9CE2-435A-BFCE-621D483535B4}"
EndProject
Project("{8BC9CEB8-8B4A-11D0-8D11-00A0C91BC942}") = "U_HomingPoint", "U_HomingPoint\U_HomingPoint.vcxproj", "{DC7852C8-B5DB-4D3E-919E-217647FFBDB9}"
EndProject
Project("{8BC9CEB8-8B4A-11D0-8D11-00A0C91BC942}") = "U_HomingSimple", "U_HomingSimple\U_HomingSimple.vcxproj", "{5A0C982A-1F6D-43C7-A907-FC372380F4F0}"
EndProject
Project("{8BC9CEB8-8B4A-11D0-8D11-00A0C91BC942}") = "U_Control2Stage", "U_Control2Stage\U_Control2Stage.vcxproj", "{13B16174-97EC-4CDF-9230-CCABF9C25F4F}"
EndProject
Project("{8BC9CEB8-8B4A-11D0-8D11-00A0C91BC942}") = "U_ModelGuided", "U_ModelGuided\U_ModelGuided.vcxproj", "{ED82B0FB-F552-4B9E-9AA1-0A28463F5798}"
EndProject
Project("{8BC9CEB8-8B4A-11D0-8D11-00A0C91BC942}") = "O_External", "O_External\O_External.vcxproj", "{C7F9387B-6DB9-40FF-99B0-8E379FF669A3}"
	ProjectSection(ProjectDependencies) = postProject
		{F079AD27-61D9-4F02-8931-56D11900213E} = {F079AD27-61D9-4F02-8931-56D11900213E}
	EndProjectSection
EndProject
Project("{8BC9CEB8-8B4A-11D0-8D11-00A0C91BC942}") = "ExternalModel", "ExternalModel\ExternalModel.vcxproj", "{05181477-89B9-4629-B37A-736C6E7B348A}"
	ProjectSection(ProjectDependencies) = postProject
		{F079AD27-61D9-4F02-8931-56D11900213E} = {F079AD27-61D9-4F02-8931-56D11900213E}
	EndProjectSection
EndProject
Project("{8BC9CEB8-8B4A-11D0-8D11-00A0C91BC942}") = "tcp_lib", "tcp_lib\tcp_lib.vcxproj", "{F079AD27-61D9-4F02-8931-56D11900213E}"
EndProject
Project("{8BC9CEB8-8B4A-11D0-8D11-00A0C91BC942}") = "U_ModelTable", "U_ModelTable\U_ModelTable.vcxproj", "{C9AA3323-28F1-48B3-B8B1-940C33BAD79F}"
EndProject
Global
	GlobalSection(SolutionConfigurationPlatforms) = preSolution
		Debug|Win32 = Debug|Win32
		Debug|x64 = Debug|x64
		Release|Win32 = Release|Win32
		Release|x64 = Release|x64
	EndGlobalSection
	GlobalSection(ProjectConfigurationPlatforms) = postSolution
		{90DE8CE8-6E5A-4F65-BEB0-EE4252B3E233}.Debug|Win32.ActiveCfg = Debug|Win32
		{90DE8CE8-6E5A-4F65-BEB0-EE4252B3E233}.Debug|Win32.Build.0 = Debug|Win32
		{90DE8CE8-6E5A-4F65-BEB0-EE4252B3E233}.Debug|x64.ActiveCfg = Debug|x64
		{90DE8CE8-6E5A-4F65-BEB0-EE4252B3E233}.Debug|x64.Build.0 = Debug|x64
		{90DE8CE8-6E5A-4F65-BEB0-EE4252B3E233}.Release|Win32.ActiveCfg = Release|Win32
		{90DE8CE8-6E5A-4F65-BEB0-EE4252B3E233}.Release|Win32.Build.0 = Release|Win32
		{90DE8CE8-6E5A-4F65-BEB0-EE4252B3E233}.Release|x64.ActiveCfg = Release|x64
		{90DE8CE8-6E5A-4F65-BEB0-EE4252B3E233}.Release|x64.Build.0 = Release|x64
		{69EC1B80-B635-4727-9C61-E399286ACEDA}.Debug|Win32.ActiveCfg = Debug|Win32
		{69EC1B80-B635-4727-9C61-E399286ACEDA}.Debug|Win32.Build.0 = Debug|Win32
		{69EC1B80-B635-4727-9C61-E399286ACEDA}.Debug|x64.ActiveCfg = Debug|x64
		{69EC1B80-B635-4727-9C61-E399286ACEDA}.Debug|x64.Build.0 = Debug|x64
		{69EC1B80-B635-4727-9C61-E399286ACEDA}.Release|Win32.ActiveCfg = Release|Win32
		{69EC1B80-B635-4727-9C61-E399286ACEDA}.Release|Win32.Build.0 = Release|Win32
		{69EC1B80-B635-4727-9C61-E399286ACEDA}.Release|x64.ActiveCfg = Release|x64
		{69EC1B80-B635-4727-9C61-E399286ACEDA}.Release|x64.Build.0 = Release|x64
		{D7B9213B-1BD2-41A6-A4A8-5962E1C916E3}.Debug|Win32.ActiveCfg = Debug|Win32
		{D7B9213B-1BD2-41A6-A4A8-5962E1C916E3}.Debug|Win32.Build.0 = Debug|Win32
		{D7B9213B-1BD2-41A6-A4A8-5962E1C916E3}.Debug|x64.ActiveCfg = Debug|x64
		{D7B9213B-1BD2-41A6-A4A8-5962E1C916E3}.Debug|x64.Build.0 = Debug|x64
		{D7B9213B-1BD2-41A6-A4A8-5962E1C916E3}.Release|Win32.ActiveCfg = Release|Win32
		{D7B9213B-1BD2-41A6-A4A8-5962E1C916E3}.Release|Win32.Build.0 = Release|Win32
		{D7B9213B-1BD2-41A6-A4A8-5962E1C916E3}.Release|x64.ActiveCfg = Release|x64
		{D7B9213B-1BD2-41A6-A4A8-5962E1C916E3}.Release|x64.Build.0 = Release|x64
		{F0E69EFD-C8D7-4A63-B1C6-47CECC61A71C}.Debug|Win32.ActiveCfg = Debug|Win32
		{F0E69EFD-C8D7-4A63-B1C6-47CECC61A71C}.Debug|Win32.Build.0 = Debug|Win32
		{F0E69EFD-C8D7-4A63-B1C6-47CECC61A71C}.Debug|x64.ActiveCfg = Debug|x64
		{F0E69EFD-C8D7-4A63-B1C6-47CECC61A71C}.Debug|x64.Build.0 = Debug|x64
		{F0E69EFD-C8D7-4A63-B1C6-47CECC61A71C}.Release|Win32.ActiveCfg = Release|Win32
		{F0E69EFD-C8D7-4A63-B1C6-47CECC61A71C}.Release|Win32.Build.0 = Release|Win32
		{F0E69EFD-C8D7-4A63-B1C6-47CECC61A71C}.Release|x64.ActiveCfg = Release|x64
		{F0E69EFD-C8D7-4A63-B1C6-47CECC61A71C}.Release|x64.Build.0 = Release|x64
		{D60124AD-C39B-4CC5-9B39-6E001A7802EF}.Debug|Win32.ActiveCfg = Debug|Win32
		{D60124AD-C39B-4CC5-9B39-6E001A7802EF}.Debug|Win32.Build.0 = Debug|Win32
		{D60124AD-C39B-4CC5-9B39-6E001A7802EF}.Debug|x64.ActiveCfg = Debug|x64
		{D60124AD-C39B-4CC5-9B39-6E001A7802EF}.Debug|x64.Build.0 = Debug|x64
		{D60124AD-C39B-4CC5-9B39-6E001A7802EF}.Release|Win32.ActiveCfg = Release|Win32
		{D60124AD-C39B-4CC5-9B39-6E001A7802EF}.Release|Win32.Build.0 = Release|Win32
		{D60124AD-C39B-4CC5-9B39-6E001A7802EF}.Release|x64.ActiveCfg = Release|x64
		{D60124AD-C39B-4CC5-9B39-6E001A7802EF}.Release|x64.Build.0 = Release|x64
		{67CF662B-F316-4663-B58C-14D594215CCF}.Debug|Win32.ActiveCfg = Debug|Win32
		{67CF662B-F316-4663-B58C-14D594215CCF}.Debug|Win32.Build.0 = Debug|Win32
		{67CF662B-F316-4663-B58C-14D594215CCF}.Debug|x64.ActiveCfg = Debug|x64
		{67CF662B-F316-4663-B58C-14D594215CCF}.Debug|x64.Build.0 = Debug|x64
		{67CF662B-F316-4663-B58C-14D594215CCF}.Release|Win32.ActiveCfg = Release|Win32
		{67CF662B-F316-4663-B58C-14D594215CCF}.Release|Win32.Build.0 = Release|Win32
		{67CF662B-F316-4663-B58C-14D594215CCF}.Release|x64.ActiveCfg = Release|x64
		{67CF662B-F316-4663-B58C-14D594215CCF}.Release|x64.Build.0 = Release|x64
		{8F1DC85E-05F5-4F6D-9023-88B9E3A1C11D}.Debug|Win32.ActiveCfg = Debug|Win32
		{8F1DC85E-05F5-4F6D-9023-88B9E3A1C11D}.Debug|Win32.Build.0 = Debug|Win32
		{8F1DC85E-05F5-4F6D-9023-88B9E3A1C11D}.Debug|x64.ActiveCfg = Debug|x64
		{8F1DC85E-05F5-4F6D-9023-88B9E3A1C11D}.Debug|x64.Build.0 = Debug|x64
		{8F1DC85E-05F5-4F6D-9023-88B9E3A1C11D}.Release|Win32.ActiveCfg = Release|Win32
		{8F1DC85E-05F5-4F6D-9023-88B9E3A1C11D}.Release|Win32.Build.0 = Release|Win32
		{8F1DC85E-05F5-4F6D-9023-88B9E3A1C11D}.Release|x64.ActiveCfg = Release|x64
		{8F1DC85E-05F5-4F6D-9023-88B9E3A1C11D}.Release|x64.Build.0 = Release|x64
		{6532543F-8D20-45CE-A126-E0D503AEF651}.Debug|Win32.ActiveCfg = Debug|Win32
		{6532543F-8D20-45CE-A126-E0D503AEF651}.Debug|Win32.Build.0 = Debug|Win32
		{6532543F-8D20-45CE-A126-E0D503AEF651}.Debug|x64.ActiveCfg = Debug|x64
		{6532543F-8D20-45CE-A126-E0D503AEF651}.Debug|x64.Build.0 = Debug|x64
		{6532543F-8D20-45CE-A126-E0D503AEF651}.Release|Win32.ActiveCfg = Release|Win32
		{6532543F-8D20-45CE-A126-E0D503AEF651}.Release|Win32.Build.0 = Release|Win32
		{6532543F-8D20-45CE-A126-E0D503AEF651}.Release|x64.ActiveCfg = Release|x64
		{6532543F-8D20-45CE-A126-E0D503AEF651}.Release|x64.Build.0 = Release|x64
		{3150C748-224C-49E8-9B2E-23516D1535A4}.Debug|Win32.ActiveCfg = Debug|Win32
		{3150C748-224C-49E8-9B2E-23516D1535A4}.Debug|Win32.Build.0 = Debug|Win32
		{3150C748-224C-49E8-9B2E-23516D1535A4}.Debug|x64.ActiveCfg = Debug|x64
		{3150C748-224C-49E8-9B2E-23516D1535A4}.Debug|x64.Build.0 = Debug|x64
		{3150C748-224C-49E8-9B2E-23516D1535A4}.Release|Win32.ActiveCfg = Release|Win32
		{3150C748-224C-49E8-9B2E-23516D1535A4}.Release|Win32.Build.0 = Release|Win32
		{3150C748-224C-49E8-9B2E-23516D1535A4}.Release|x64.ActiveCfg = Release|x64
		{3150C748-224C-49E8-9B2E-23516D1535A4}.Release|x64.Build.0 = Release|x64
		{A7572AB5-5E97-4041-BEF9-9C327D6FBA24}.Debug|Win32.ActiveCfg = Debug|Win32
		{A7572AB5-5E97-4041-BEF9-9C327D6FBA24}.Debug|Win32.Build.0 = Debug|Win32
		{A7572AB5-5E97-4041-BEF9-9C327D6FBA24}.Debug|x64.ActiveCfg = Debug|x64
		{A7572AB5-5E97-4041-BEF9-9C327D6FBA24}.Debug|x64.Build.0 = Debug|x64
		{A7572AB5-5E97-4041-BEF9-9C327D6FBA24}.Release|Win32.ActiveCfg = Release|Win32
		{A7572AB5-5E97-4041-BEF9-9C327D6FBA24}.Release|Win32.Build.0 = Release|Win32
		{A7572AB5-5E97-4041-BEF9-9C327D6FBA24}.Release|x64.ActiveCfg = Release|x64
		{A7572AB5-5E97-4041-BEF9-9C327D6FBA24}.Release|x64.Build.0 = Release|x64
		{4BA94C98-3785-4641-83BD-757732D4EA1F}.Debug|Win32.ActiveCfg = Debug|Win32
		{4BA94C98-3785-4641-83BD-757732D4EA1F}.Debug|Win32.Build.0 = Debug|Win32
		{4BA94C98-3785-4641-83BD-757732D4EA1F}.Debug|x64.ActiveCfg = Debug|x64
		{4BA94C98-3785-4641-83BD-757732D4EA1F}.Debug|x64.Build.0 = Debug|x64
		{4BA94C98-3785-4641-83BD-757732D4EA1F}.Release|Win32.ActiveCfg = Release|Win32
		{4BA94C98-3785-4641-83BD-757732D4EA1F}.Release|Win32.Build.0 = Release|Win32
		{4BA94C98-3785-4641-83BD-757732D4EA1F}.Release|x64.ActiveCfg = Release|x64
		{4BA94C98-3785-4641-83BD-757732D4EA1F}.Release|x64.Build.0 = Release|x64
		{4F6A6D34-8C92-49E6-8738-B3EAFD20985E}.Debug|Win32.ActiveCfg = Debug|Win32
		{4F6A6D34-8C92-49E6-8738-B3EAFD20985E}.Debug|Win32.Build.0 = Debug|Win32
		{4F6A6D34-8C92-49E6-8738-B3EAFD20985E}.Debug|x64.ActiveCfg = Debug|x64
		{4F6A6D34-8C92-49E6-8738-B3EAFD20985E}.Debug|x64.Build.0 = Debug|x64
		{4F6A6D34-8C92-49E6-8738-B3EAFD20985E}.Release|Win32.ActiveCfg = Release|Win32
		{4F6A6D34-8C92-49E6-8738-B3EAFD20985E}.Release|Win32.Build.0 = Release|Win32
		{4F6A6D34-8C92-49E6-8738-B3EAFD20985E}.Release|x64.ActiveCfg = Release|x64
		{4F6A6D34-8C92-49E6-8738-B3EAFD20985E}.Release|x64.Build.0 = Release|x64
		{C12B9360-3BFF-4928-8F21-6BB7CEAD40A4}.Debug|Win32.ActiveCfg = Debug|Win32
		{C12B9360-3BFF-4928-8F21-6BB7CEAD40A4}.Debug|Win32.Build.0 = Debug|Win32
		{C12B9360-3BFF-4928-8F21-6BB7CEAD40A4}.Debug|x64.ActiveCfg = Debug|x64
		{C12B9360-3BFF-4928-8F21-6BB7CEAD40A4}.Debug|x64.Build.0 = Debug|x64
		{C12B9360-3BFF-4928-8F21-6BB7CEAD40A4}.Release|Win32.ActiveCfg = Release|Win32
		{C12B9360-3BFF-4928-8F21-6BB7CEAD40A4}.Release|Win32.Build.0 = Release|Win32
		{C12B9360-3BFF-4928-8F21-6BB7CEAD40A4}.Release|x64.ActiveCfg = Release|x64
		{C12B9360-3BFF-4928-8F21-6BB7CEAD40A4}.Release|x64.Build.0 = Release|x64
		{C7F9387B-6DB9-40FF-99B0-8E379FF669A2}.Debug|Win32.ActiveCfg = Debug|Win32
		{C7F9387B-6DB9-40FF-99B0-8E379FF669A2}.Debug|Win32.Build.0 = Debug|Win32
		{C7F9387B-6DB9-40FF-99B0-8E379FF669A2}.Debug|x64.ActiveCfg = Debug|x64
		{C7F9387B-6DB9-40FF-99B0-8E379FF669A2}.Debug|x64.Build.0 = Debug|x64
		{C7F9387B-6DB9-40FF-99B0-8E379FF669A2}.Release|Win32.ActiveCfg = Release|Win32
		{C7F9387B-6DB9-40FF-99B0-8E379FF669A2}.Release|Win32.Build.0 = Release|Win32
		{C7F9387B-6DB9-40FF-99B0-8E379FF669A2}.Release|x64.ActiveCfg = Release|x64
		{C7F9387B-6DB9-40FF-99B0-8E379FF669A2}.Release|x64.Build.0 = Release|x64
		{6B8A2EE7-4C91-4124-B59F-A411FFD607C8}.Debug|Win32.ActiveCfg = Debug|Win32
		{6B8A2EE7-4C91-4124-B59F-A411FFD607C8}.Debug|Win32.Build.0 = Debug|Win32
		{6B8A2EE7-4C91-4124-B59F-A411FFD607C8}.Debug|x64.ActiveCfg = Debug|x64
		{6B8A2EE7-4C91-4124-B59F-A411FFD607C8}.Debug|x64.Build.0 = Debug|x64
		{6B8A2EE7-4C91-4124-B59F-A411FFD607C8}.Release|Win32.ActiveCfg = Release|Win32
		{6B8A2EE7-4C91-4124-B59F-A411FFD607C8}.Release|Win32.Build.0 = Release|Win32
		{6B8A2EE7-4C91-4124-B59F-A411FFD607C8}.Release|x64.ActiveCfg = Release|x64
		{6B8A2EE7-4C91-4124-B59F-A411FFD607C8}.Release|x64.Build.0 = Release|x64
		{D49E8E3A-A93E-4FE2-A036-485349A8DF42}.Debug|Win32.ActiveCfg = Debug|Win32
		{D49E8E3A-A93E-4FE2-A036-485349A8DF42}.Debug|Win32.Build.0 = Debug|Win32
		{D49E8E3A-A93E-4FE2-A036-485349A8DF42}.Debug|x64.ActiveCfg = Debug|x64
		{D49E8E3A-A93E-4FE2-A036-485349A8DF42}.Debug|x64.Build.0 = Debug|x64
		{D49E8E3A-A93E-4FE2-A036-485349A8DF42}.Release|Win32.ActiveCfg = Release|Win32
		{D49E8E3A-A93E-4FE2-A036-485349A8DF42}.Release|Win32.Build.0 = Release|Win32
		{D49E8E3A-A93E-4FE2-A036-485349A8DF42}.Release|x64.ActiveCfg = Release|x64
		{D49E8E3A-A93E-4FE2-A036-485349A8DF42}.Release|x64.Build.0 = Release|x64
		{C6AD3FB1-0F8D-421D-95B3-9663B09338E9}.Debug|Win32.ActiveCfg = Debug|Win32
		{C6AD3FB1-0F8D-421D-95B3-9663B09338E9}.Debug|Win32.Build.0 = Debug|Win32
		{C6AD3FB1-0F8D-421D-95B3-9663B09338E9}.Debug|x64.ActiveCfg = Debug|x64
		{C6AD3FB1-0F8D-421D-95B3-9663B09338E9}.Debug|x64.Build.0 = Debug|x64
		{C6AD3FB1-0F8D-421D-95B3-9663B09338E9}.Release|Win32.ActiveCfg = Release|Win32
		{C6AD3FB1-0F8D-421D-95B3-9663B09338E9}.Release|Win32.Build.0 = Release|Win32
		{C6AD3FB1-0F8D-421D-95B3-9663B09338E9}.Release|x64.ActiveCfg = Release|x64
		{C6AD3FB1-0F8D-421D-95B3-9663B09338E9}.Release|x64.Build.0 = Release|x64
		{28B10681-EEF4-431E-8F16-FE7E34538A31}.Debug|Win32.ActiveCfg = Debug|Win32
		{28B10681-EEF4-431E-8F16-FE7E34538A31}.Debug|Win32.Build.0 = Debug|Win32
		{28B10681-EEF4-431E-8F16-FE7E34538A31}.Debug|x64.ActiveCfg = Debug|x64
		{28B10681-EEF4-431E-8F16-FE7E34538A31}.Debug|x64.Build.0 = Debug|x64
		{28B10681-EEF4-431E-8F16-FE7E34538A31}.Release|Win32.ActiveCfg = Release|Win32
		{28B10681-EEF4-431E-8F16-FE7E34538A31}.Release|Win32.Build.0 = Release|Win32
		{28B10681-EEF4-431E-8F16-FE7E34538A31}.Release|x64.ActiveCfg = Release|x64
		{28B10681-EEF4-431E-8F16-FE7E34538A31}.Release|x64.Build.0 = Release|x64
		{00533805-386E-448C-BD9A-0A962AA3777B}.Debug|Win32.ActiveCfg = Debug|Win32
		{00533805-386E-448C-BD9A-0A962AA3777B}.Debug|Win32.Build.0 = Debug|Win32
		{00533805-386E-448C-BD9A-0A962AA3777B}.Debug|x64.ActiveCfg = Debug|x64
		{00533805-386E-448C-BD9A-0A962AA3777B}.Debug|x64.Build.0 = Debug|x64
		{00533805-386E-448C-BD9A-0A962AA3777B}.Release|Win32.ActiveCfg = Release|Win32
		{00533805-386E-448C-BD9A-0A962AA3777B}.Release|Win32.Build.0 = Release|Win32
		{00533805-386E-448C-BD9A-0A962AA3777B}.Release|x64.ActiveCfg = Release|x64
		{00533805-386E-448C-BD9A-0A962AA3777B}.Release|x64.Build.0 = Release|x64
		{8AA34B7C-EC85-4CEE-AC56-4AF55AF9147E}.Debug|Win32.ActiveCfg = Debug|Win32
		{8AA34B7C-EC85-4CEE-AC56-4AF55AF9147E}.Debug|Win32.Build.0 = Debug|Win32
		{8AA34B7C-EC85-4CEE-AC56-4AF55AF9147E}.Debug|x64.ActiveCfg = Debug|x64
		{8AA34B7C-EC85-4CEE-AC56-4AF55AF9147E}.Debug|x64.Build.0 = Debug|x64
		{8AA34B7C-EC85-4CEE-AC56-4AF55AF9147E}.Release|Win32.ActiveCfg = Release|Win32
		{8AA34B7C-EC85-4CEE-AC56-4AF55AF9147E}.Release|Win32.Build.0 = Release|Win32
		{8AA34B7C-EC85-4CEE-AC56-4AF55AF9147E}.Release|x64.ActiveCfg = Release|x64
		{8AA34B7C-EC85-4CEE-AC56-4AF55AF9147E}.Release|x64.Build.0 = Release|x64
		{DAA12257-631C-4602-88F5-0AA5A0D0FA05}.Debug|Win32.ActiveCfg = Debug|Win32
		{DAA12257-631C-4602-88F5-0AA5A0D0FA05}.Debug|Win32.Build.0 = Debug|Win32
		{DAA12257-631C-4602-88F5-0AA5A0D0FA05}.Debug|x64.ActiveCfg = Debug|x64
		{DAA12257-631C-4602-88F5-0AA5A0D0FA05}.Debug|x64.Build.0 = Debug|x64
		{DAA12257-631C-4602-88F5-0AA5A0D0FA05}.Release|Win32.ActiveCfg = Release|Win32
		{DAA12257-631C-4602-88F5-0AA5A0D0FA05}.Release|Win32.Build.0 = Release|Win32
		{DAA12257-631C-4602-88F5-0AA5A0D0FA05}.Release|x64.ActiveCfg = Release|x64
		{DAA12257-631C-4602-88F5-0AA5A0D0FA05}.Release|x64.Build.0 = Release|x64
		{0CF8E990-35B5-401B-BFA8-4A3F47376118}.Debug|Win32.ActiveCfg = Debug|Win32
		{0CF8E990-35B5-401B-BFA8-4A3F47376118}.Debug|Win32.Build.0 = Debug|Win32
		{0CF8E990-35B5-401B-BFA8-4A3F47376118}.Debug|x64.ActiveCfg = Debug|x64
		{0CF8E990-35B5-401B-BFA8-4A3F47376118}.Debug|x64.Build.0 = Debug|x64
		{0CF8E990-35B5-401B-BFA8-4A3F47376118}.Release|Win32.ActiveCfg = Release|Win32
		{0CF8E990-35B5-401B-BFA8-4A3F47376118}.Release|Win32.Build.0 = Release|Win32
		{0CF8E990-35B5-401B-BFA8-4A3F47376118}.Release|x64.ActiveCfg = Release|x64
		{0CF8E990-35B5-401B-BFA8-4A3F47376118}.Release|x64.Build.0 = Release|x64
		{AA9E75AB-2379-43F5-844D-83023192B017}.Debug|Win32.ActiveCfg = Debug|Win32
		{AA9E75AB-2379-43F5-844D-83023192B017}.Debug|Win32.Build.0 = Debug|Win32
		{AA9E75AB-2379-43F5-844D-83023192B017}.Debug|x64.ActiveCfg = Debug|x64
		{AA9E75AB-2379-43F5-844D-83023192B017}.Debug|x64.Build.0 = Debug|x64
		{AA9E75AB-2379-43F5-844D-83023192B017}.Release|Win32.ActiveCfg = Release|Win32
		{AA9E75AB-2379-43F5-844D-83023192B017}.Release|Win32.Build.0 = Release|Win32
		{AA9E75AB-2379-43F5-844D-83023192B017}.Release|x64.ActiveCfg = Release|x64
		{AA9E75AB-2379-43F5-844D-83023192B017}.Release|x64.Build.0 = Release|x64
		{18187738-C245-432E-91DE-3BD89DEA58FE}.Debug|Win32.ActiveCfg = Debug|Win32
		{18187738-C245-432E-91DE-3BD89DEA58FE}.Debug|Win32.Build.0 = Debug|Win32
		{18187738-C245-432E-91DE-3BD89DEA58FE}.Debug|x64.ActiveCfg = Debug|x64
		{18187738-C245-432E-91DE-3BD89DEA58FE}.Debug|x64.Build.0 = Debug|x64
		{18187738-C245-432E-91DE-3BD89DEA58FE}.Release|Win32.ActiveCfg = Release|Win32
		{18187738-C245-432E-91DE-3BD89DEA58FE}.Release|Win32.Build.0 = Release|Win32
		{18187738-C245-432E-91DE-3BD89DEA58FE}.Release|x64.ActiveCfg = Release|x64
		{18187738-C245-432E-91DE-3BD89DEA58FE}.Release|x64.Build.0 = Release|x64
		{2F55742F-EDEA-471F-A173-0FAF0C5162C3}.Debug|Win32.ActiveCfg = Debug|Win32
		{2F55742F-EDEA-471F-A173-0FAF0C5162C3}.Debug|Win32.Build.0 = Debug|Win32
		{2F55742F-EDEA-471F-A173-0FAF0C5162C3}.Debug|x64.ActiveCfg = Debug|x64
		{2F55742F-EDEA-471F-A173-0FAF0C5162C3}.Debug|x64.Build.0 = Debug|x64
		{2F55742F-EDEA-471F-A173-0FAF0C5162C3}.Release|Win32.ActiveCfg = Release|Win32
		{2F55742F-EDEA-471F-A173-0FAF0C5162C3}.Release|Win32.Build.0 = Release|Win32
		{2F55742F-EDEA-471F-A173-0FAF0C5162C3}.Release|x64.ActiveCfg = Release|x64
		{2F55742F-EDEA-471F-A173-0FAF0C5162C3}.Release|x64.Build.0 = Release|x64
		{6245731E-51CA-49DB-8F74-760D540CDC5E}.Debug|Win32.ActiveCfg = Debug|Win32
		{6245731E-51CA-49DB-8F74-760D540CDC5E}.Debug|Win32.Build.0 = Debug|Win32
		{6245731E-51CA-49DB-8F74-760D540CDC5E}.Debug|x64.ActiveCfg = Debug|x64
		{6245731E-51CA-49DB-8F74-760D540CDC5E}.Debug|x64.Build.0 = Debug|x64
		{6245731E-51CA-49DB-8F74-760D540CDC5E}.Release|Win32.ActiveCfg = Release|Win32
		{6245731E-51CA-49DB-8F74-760D540CDC5E}.Release|Win32.Build.0 = Release|Win32
		{6245731E-51CA-49DB-8F74-760D540CDC5E}.Release|x64.ActiveCfg = Release|x64
		{6245731E-51CA-49DB-8F74-760D540CDC5E}.Release|x64.Build.0 = Release|x64
		{A895AD8B-B86B-4071-8B76-1B0CD15A4FB6}.Debug|Win32.ActiveCfg = Debug|Win32
		{A895AD8B-B86B-4071-8B76-1B0CD15A4FB6}.Debug|Win32.Build.0 = Debug|Win32
		{A895AD8B-B86B-4071-8B76-1B0CD15A4FB6}.Debug|x64.ActiveCfg = Debug|x64
		{A895AD8B-B86B-4071-8B76-1B0CD15A4FB6}.Debug|x64.Build.0 = Debug|x64
		{A895AD8B-B86B-4071-8B76-1B0CD15A4FB6}.Release|Win32.ActiveCfg = Release|Win32
		{A895AD8B-B86B-4071-8B76-1B0CD15A4FB6}.Release|Win32.Build.0 = Release|Win32
		{A895AD8B-B86B-4071-8B76-1B0CD15A4FB6}.Release|x64.ActiveCfg = Release|x64
		{A895AD8B-B86B-4071-8B76-1B0CD15A4FB6}.Release|x64.Build.0 = Release|x64
		{0D231E6E-0776-4DBF-B1A0-232693ADFB98}.Debug|Win32.ActiveCfg = Debug|Win32
		{0D231E6E-0776-4DBF-B1A0-232693ADFB98}.Debug|Win32.Build.0 = Debug|Win32
		{0D231E6E-0776-4DBF-B1A0-232693ADFB98}.Debug|x64.ActiveCfg = Debug|x64
		{0D231E6E-0776-4DBF-B1A0-232693ADFB98}.Debug|x64.Build.0 = Debug|x64
		{0D231E6E-0776-4DBF-B1A0-232693ADFB98}.Release|Win32.ActiveCfg = Release|Win32
		{0D231E6E-0776-4DBF-B1A0-232693ADFB98}.Release|Win32.Build.0 = Release|Win32
		{0D231E6E-0776-4DBF-B1A0-232693ADFB98}.Release|x64.ActiveCfg = Release|x64
		{0D231E6E-0776-4DBF-B1A0-232693ADFB98}.Release|x64.Build.0 = Release|x64
		{8DA427B7-BAB4-4104-A41D-C856D94636B4}.Debug|Win32.ActiveCfg = Debug|Win32
		{8DA427B7-BAB4-4104-A41D-C856D94636B4}.Debug|Win32.Build.0 = Debug|Win32
		{8DA427B7-BAB4-4104-A41D-C856D94636B4}.Debug|x64.ActiveCfg = Debug|x64
		{8DA427B7-BAB4-4104-A41D-C856D94636B4}.Debug|x64.Build.0 = Debug|x64
		{8DA427B7-BAB4-4104-A41D-C856D94636B4}.Release|Win32.ActiveCfg = Release|Win32
		{8DA427B7-BAB4-4104-A41D-C856D94636B4}.Release|Win32.Build.0 = Release|Win32
		{8DA427B7-BAB4-4104-A41D-C856D94636B4}.Release|x64.ActiveCfg = Release|x64
		{8DA427B7-BAB4-4104-A41D-C856D94636B4}.Release|x64.Build.0 = Release|x64
		{D49E8E3A-A93E-4FE2-A036-485349A8DF43}.Debug|Win32.ActiveCfg = Debug|Win32
		{D49E8E3A-A93E-4FE2-A036-485349A8DF43}.Debug|Win32.Build.0 = Debug|Win32
		{D49E8E3A-A93E-4FE2-A036-485349A8DF43}.Debug|x64.ActiveCfg = Debug|x64
		{D49E8E3A-A93E-4FE2-A036-485349A8DF43}.Debug|x64.Build.0 = Debug|x64
		{D49E8E3A-A93E-4FE2-A036-485349A8DF43}.Release|Win32.ActiveCfg = Release|Win32
		{D49E8E3A-A93E-4FE2-A036-485349A8DF43}.Release|Win32.Build.0 = Release|Win32
		{D49E8E3A-A93E-4FE2-A036-485349A8DF43}.Release|x64.ActiveCfg = Release|x64
		{D49E8E3A-A93E-4FE2-A036-485349A8DF43}.Release|x64.Build.0 = Release|x64
		{D49E8E3A-A93E-4FE2-A036-485349A8DF44}.Debug|Win32.ActiveCfg = Debug|Win32
		{D49E8E3A-A93E-4FE2-A036-485349A8DF44}.Debug|Win32.Build.0 = Debug|Win32
		{D49E8E3A-A93E-4FE2-A036-485349A8DF44}.Debug|x64.ActiveCfg = Debug|x64
		{D49E8E3A-A93E-4FE2-A036-485349A8DF44}.Debug|x64.Build.0 = Debug|x64
		{D49E8E3A-A93E-4FE2-A036-485349A8DF44}.Release|Win32.ActiveCfg = Release|Win32
		{D49E8E3A-A93E-4FE2-A036-485349A8DF44}.Release|Win32.Build.0 = Release|Win32
		{D49E8E3A-A93E-4FE2-A036-485349A8DF44}.Release|x64.ActiveCfg = Release|x64
		{D49E8E3A-A93E-4FE2-A036-485349A8DF44}.Release|x64.Build.0 = Release|x64
		{6B8A2EE7-4C91-4124-B59F-A411FFD607C9}.Debug|Win32.ActiveCfg = Debug|Win32
		{6B8A2EE7-4C91-4124-B59F-A411FFD607C9}.Debug|Win32.Build.0 = Debug|Win32
		{6B8A2EE7-4C91-4124-B59F-A411FFD607C9}.Debug|x64.ActiveCfg = Debug|x64
		{6B8A2EE7-4C91-4124-B59F-A411FFD607C9}.Debug|x64.Build.0 = Debug|x64
		{6B8A2EE7-4C91-4124-B59F-A411FFD607C9}.Release|Win32.ActiveCfg = Release|Win32
		{6B8A2EE7-4C91-4124-B59F-A411FFD607C9}.Release|Win32.Build.0 = Release|Win32
		{6B8A2EE7-4C91-4124-B59F-A411FFD607C9}.Release|x64.ActiveCfg = Release|x64
		{6B8A2EE7-4C91-4124-B59F-A411FFD607C9}.Release|x64.Build.0 = Release|x64
		{301112BD-9CE2-435A-BFCE-621D483535B4}.Debug|Win32.ActiveCfg = Debug|Win32
		{301112BD-9CE2-435A-BFCE-621D483535B4}.Debug|Win32.Build.0 = Debug|Win32
		{301112BD-9CE2-435A-BFCE-621D483535B4}.Debug|x64.ActiveCfg = Debug|x64
		{301112BD-9CE2-435A-BFCE-621D483535B4}.Debug|x64.Build.0 = Debug|x64
		{301112BD-9CE2-435A-BFCE-621D483535B4}.Release|Win32.ActiveCfg = Release|Win32
		{301112BD-9CE2-435A-BFCE-621D483535B4}.Release|Win32.Build.0 = Release|Win32
		{301112BD-9CE2-435A-BFCE-621D483535B4}.Release|x64.ActiveCfg = Release|x64
		{301112BD-9CE2-435A-BFCE-621D483535B4}.Release|x64.Build.0 = Release|x64
		{DC7852C8-B5DB-4D3E-919E-217647FFBDB9}.Debug|Win32.ActiveCfg = Debug|Win32
		{DC7852C8-B5DB-4D3E-919E-217647FFBDB9}.Debug|Win32.Build.0 = Debug|Win32
		{DC7852C8-B5DB-4D3E-919E-217647FFBDB9}.Debug|x64.ActiveCfg = Debug|x64
		{DC7852C8-B5DB-4D3E-919E-217647FFBDB9}.Debug|x64.Build.0 = Debug|x64
		{DC7852C8-B5DB-4D3E-919E-217647FFBDB9}.Release|Win32.ActiveCfg = Release|Win32
		{DC7852C8-B5DB-4D3E-919E-217647FFBDB9}.Release|Win32.Build.0 = Release|Win32
		{DC7852C8-B5DB-4D3E-919E-217647FFBDB9}.Release|x64.ActiveCfg = Release|x64
		{DC7852C8-B5DB-4D3E-919E-217647FFBDB9}.Release|x64.Build.0 = Release|x64
		{5A0C982A-1F6D-43C7-A907-FC372380F4F0}.Debug|Win32.ActiveCfg = Debug|Win32
		{5A0C982A-1F6D-43C7-A907-FC372380F4F0}.Debug|Win32.Build.0 = Debug|Win32
		{5A0C982A-1F6D-43C7-A907-FC372380F4F0}.Debug|x64.ActiveCfg = Debug|x64
		{5A0C982A-1F6D-43C7-A907-FC372380F4F0}.Debug|x64.Build.0 = Debug|x64
		{5A0C982A-1F6D-43C7-A907-FC372380F4F0}.Release|Win32.ActiveCfg = Release|Win32
		{5A0C982A-1F6D-43C7-A907-FC372380F4F0}.Release|Win32.Build.0 = Release|Win32
		{5A0C982A-1F6D-43C7-A907-FC372380F4F0}.Release|x64.ActiveCfg = Release|x64
		{5A0C982A-1F6D-43C7-A907-FC372380F4F0}.Release|x64.Build.0 = Release|x64
		{13B16174-97EC-4CDF-9230-CCABF9C25F4F}.Debug|Win32.ActiveCfg = Debug|Win32
		{13B16174-97EC-4CDF-9230-CCABF9C25F4F}.Debug|Win32.Build.0 = Debug|Win32
		{13B16174-97EC-4CDF-9230-CCABF9C25F4F}.Debug|x64.ActiveCfg = Debug|x64
		{13B16174-97EC-4CDF-9230-CCABF9C25F4F}.Debug|x64.Build.0 = Debug|x64
		{13B16174-97EC-4CDF-9230-CCABF9C25F4F}.Release|Win32.ActiveCfg = Release|Win32
		{13B16174-97EC-4CDF-9230-CCABF9C25F4F}.Release|Win32.Build.0 = Release|Win32
		{13B16174-97EC-4CDF-9230-CCABF9C25F4F}.Release|x64.ActiveCfg = Release|x64
		{13B16174-97EC-4CDF-9230-CCABF9C25F4F}.Release|x64.Build.0 = Release|x64
		{ED82B0FB-F552-4B9E-9AA1-0A28463F5798}.Debug|Win32.ActiveCfg = Debug|Win32
		{ED82B0FB-F552-4B9E-9AA1-0A28463F5798}.Debug|Win32.Build.0 = Debug|Win32
		{ED82B0FB-F552-4B9E-9AA1-0A28463F5798}.Debug|x64.ActiveCfg = Debug|x64
		{ED82B0FB-F552-4B9E-9AA1-0A28463F5798}.Debug|x64.Build.0 = Debug|x64
		{ED82B0FB-F552-4B9E-9AA1-0A28463F5798}.Release|Win32.ActiveCfg = Release|Win32
		{ED82B0FB-F552-4B9E-9AA1-0A28463F5798}.Release|Win32.Build.0 = Release|Win32
		{ED82B0FB-F552-4B9E-9AA1-0A28463F5798}.Release|x64.ActiveCfg = Release|x64
		{ED82B0FB-F552-4B9E-9AA1-0A28463F5798}.Release|x64.Build.0 = Release|x64
		{C7F9387B-6DB9-40FF-99B0-8E379FF669A3}.Debug|Win32.ActiveCfg = Debug|Win32
		{C7F9387B-6DB9-40FF-99B0-8E379FF669A3}.Debug|Win32.Build.0 = Debug|Win32
		{C7F9387B-6DB9-40FF-99B0-8E379FF669A3}.Debug|x64.ActiveCfg = Debug|x64
		{C7F9387B-6DB9-40FF-99B0-8E379FF669A3}.Debug|x64.Build.0 = Debug|x64
		{C7F9387B-6DB9-40FF-99B0-8E379FF669A3}.Release|Win32.ActiveCfg = Release|Win32
		{C7F9387B-6DB9-40FF-99B0-8E379FF669A3}.Release|Win32.Build.0 = Release|Win32
		{C7F9387B-6DB9-40FF-99B0-8E379FF669A3}.Release|x64.ActiveCfg = Release|x64
		{C7F9387B-6DB9-40FF-99B0-8E379FF669A3}.Release|x64.Build.0 = Release|x64
		{05181477-89B9-4629-B37A-736C6E7B348A}.Debug|Win32.ActiveCfg = Debug|x64
		{05181477-89B9-4629-B37A-736C6E7B348A}.Debug|x64.ActiveCfg = Debug|x64
		{05181477-89B9-4629-B37A-736C6E7B348A}.Debug|x64.Build.0 = Debug|x64
		{05181477-89B9-4629-B37A-736C6E7B348A}.Release|Win32.ActiveCfg = Release|x64
		{05181477-89B9-4629-B37A-736C6E7B348A}.Release|x64.ActiveCfg = Release|x64
		{05181477-89B9-4629-B37A-736C6E7B348A}.Release|x64.Build.0 = Release|x64
		{F079AD27-61D9-4F02-8931-56D11900213E}.Debug|Win32.ActiveCfg = Debug|x64
		{F079AD27-61D9-4F02-8931-56D11900213E}.Debug|x64.ActiveCfg = Debug|x64
		{F079AD27-61D9-4F02-8931-56D11900213E}.Debug|x64.Build.0 = Debug|x64
		{F079AD27-61D9-4F02-8931-56D11900213E}.Release|Win32.ActiveCfg = Release|x64
		{F079AD27-61D9-4F02-8931-56D11900213E}.Release|x64.ActiveCfg = Release|x64
		{F079AD27-61D9-4F02-8931-56D11900213E}.Release|x64.Build.0 = Release|x64
		{C9AA3323-28F1-48B3-B8B1-940C33BAD79F}.Debug|Win32.ActiveCfg = Debug|Win32
		{C9AA3323-28F1-48B3-B8B1-940C33BAD79F}.Debug|Win32.Build.0 = Debug|Win32
		{C9AA3323-28F1-48B3-B8B1-940C33BAD79F}.Debug|x64.ActiveCfg = Debug|x64
		{C9AA3323-28F1-48B3-B8B1-940C33BAD79F}.Debug|x64.Build.0 = Debug|x64
		{C9AA3323-28F1-48B3-B8B1-940C33BAD79F}.Release|Win32.ActiveCfg = Release|Win32
		{C9AA3323-28F1-48B3-B8B1-940C33BAD79F}.Release|Win32.Build.0 = Release|Win32
		{C9AA3323-28F1-48B3-B8B1-940C33BAD79F}.Release|x64.ActiveCfg = Release|x64
		{C9AA3323-28F1-48B3-B8B1-940C33BAD79F}.Release|x64.Build.0 = Release|x64
	EndGlobalSection
	GlobalSection(SolutionProperties) = preSolution
		HideSolutionNode = FALSE
	EndGlobalSection
	GlobalSection(ExtensibilityGlobals) = postSolution
		SolutionGuid = {B7350770-C6C1-44BF-8218-2FB528EEC68E}
	EndGlobalSection
EndGlobal
