<?xml version="1.0" encoding="utf-8"?>
<Project ToolsVersion="4.0" xmlns="http://schemas.microsoft.com/developer/msbuild/2003">
  <ItemGroup>
    <Filter Include="Source Files">
      <UniqueIdentifier>{4FC737F1-C7A5-4376-A066-2A32D752A2FF}</UniqueIdentifier>
      <Extensions>cpp;c;cc;cxx;def;odl;idl;hpj;bat;asm;asmx</Extensions>
    </Filter>
    <Filter Include="Header Files">
      <UniqueIdentifier>{93995380-89BD-4b04-88EB-625FBE52EBFB}</UniqueIdentifier>
      <Extensions>h;hpp;hxx;hm;inl;inc;xsd</Extensions>
    </Filter>
    <Filter Include="Resource Files">
      <UniqueIdentifier>{67DA6AB6-F800-4c08-8B7A-83BB121AAD01}</UniqueIdentifier>
      <Extensions>rc;ico;cur;bmp;dlg;rc2;rct;bin;rgs;gif;jpg;jpeg;jpe;resx;tiff;tif;png;wav</Extensions>
    </Filter>
  </ItemGroup>
  <ItemGroup>
    <ClCompile Include="dcl_call.cpp">
      <Filter>Source Files</Filter>
    </ClCompile>
    <ClCompile Include="dcl_cmmn.cpp">
      <Filter>Source Files</Filter>
    </ClCompile>
    <ClCompile Include="dcl_culc.cpp">
      <Filter>Source Files</Filter>
    </ClCompile>
    <ClCompile Include="dcl_decl.cpp">
      <Filter>Source Files</Filter>
    </ClCompile>
    <ClCompile Include="dcl_dlib.cpp">
      <Filter>Source Files</Filter>
    </ClCompile>
    <ClCompile Include="dcl_flib.cpp">
      <Filter>Source Files</Filter>
    </ClCompile>
    <ClCompile Include="dcl_int.cpp">
      <Filter>Source Files</Filter>
    </ClCompile>
    <ClCompile Include="dcl_main.cpp">
      <Filter>Source Files</Filter>
    </ClCompile>
    <ClCompile Include="dcl_mem.cpp">
      <Filter>Source Files</Filter>
    </ClCompile>
    <ClCompile Include="dcl_slib.cpp">
      <Filter>Source Files</Filter>
    </ClCompile>
    <ClCompile Include="dcl_xobj.cpp">
      <Filter>Source Files</Filter>
    </ClCompile>
    <ClCompile Include="dcl_z_abtp_.cpp">
      <Filter>Source Files</Filter>
    </ClCompile>
    <ClCompile Include="dcl_z_email_.cpp">
      <Filter>Source Files</Filter>
    </ClCompile>
    <ClCompile Include="dcl_z_filelist.cpp">
      <Filter>Source Files</Filter>
    </ClCompile>
    <ClCompile Include="dcl_z_md5.cpp">
      <Filter>Source Files</Filter>
    </ClCompile>
    <ClCompile Include="dcl_z_midas_.cpp">
      <Filter>Source Files</Filter>
    </ClCompile>
    <ClCompile Include="dcl_z_qc_.cpp">
      <Filter>Source Files</Filter>
    </ClCompile>
    <ClCompile Include="dcl_z_sql_.cpp">
      <Filter>Source Files</Filter>
    </ClCompile>
    <ClCompile Include="dcl_z_string.cpp">
      <Filter>Source Files</Filter>
    </ClCompile>
  </ItemGroup>
  <ItemGroup>
    <ClInclude Include="dcl.h">
      <Filter>Header Files</Filter>
    </ClInclude>
    <ClInclude Include="dcl_chars.h">
      <Filter>Header Files</Filter>
    </ClInclude>
    <ClInclude Include="dcl_md5.h">
      <Filter>Header Files</Filter>
    </ClInclude>
  </ItemGroup>
</Project>